
Microsoft Visual Studio Solution File, Format Version 12.00
# Visual Studio 15
VisualStudioVersion = 15.0.27130.2024
MinimumVisualStudioVersion = 10.0.40219.1
Project("{FAE04EC0-301F-11D3-BF4B-00C04F79EFBC}") = "LuisaKatrinaReyes.Weatherpanel.windows", "LuisaKatrinaReyes.Weatherpanel.windows\LuisaKatrinaReyes.Weatherpanel.windows.csproj", "{D771C85B-3505-45B9-948E-77FBD2BCFF80}"
EndProject
Global
	GlobalSection(SolutionConfigurationPlatforms) = preSolution
		Debug|Any CPU = Debug|Any CPU
		Release|Any CPU = Release|Any CPU
	EndGlobalSection
	GlobalSection(ProjectConfigurationPlatforms) = postSolution
		{D771C85B-3505-45B9-948E-77FBD2BCFF80}.Debug|Any CPU.ActiveCfg = Debug|Any CPU
		{D771C85B-3505-45B9-948E-77FBD2BCFF80}.Debug|Any CPU.Build.0 = Debug|Any CPU
		{D771C85B-3505-45B9-948E-77FBD2BCFF80}.Release|Any CPU.ActiveCfg = Release|Any CPU
		{D771C85B-3505-45B9-948E-77FBD2BCFF80}.Release|Any CPU.Build.0 = Release|Any CPU
	EndGlobalSection
	GlobalSection(SolutionProperties) = preSolution
		HideSolutionNode = FALSE
	EndGlobalSection
	GlobalSection(ExtensibilityGlobals) = postSolution
		SolutionGuid = {C93C758F-3C4F-46DE-98AC-41AAF7700992}
	EndGlobalSection
EndGlobal
